
Microsoft Visual Studio Solution File, Format Version 12.00
# Visual Studio Version 16
VisualStudioVersion = 16.0.32630.194
MinimumVisualStudioVersion = 10.0.40219.1
Project("{FAE04EC0-301F-11D3-BF4B-00C04F79EFBC}") = "CapaVista_Alumnos", "CapaVista\CapaVista_Alumnos.csproj", "{567FC33D-5B21-4F58-8A9B-A166D916118A}"
EndProject
Project("{FAE04EC0-301F-11D3-BF4B-00C04F79EFBC}") = "CapaModelo_Alumnod", "CapaModelo\CapaModelo_Alumnod.csproj", "{A5148A0A-3E21-4AC7-A7E7-AE2F7FFBA8CB}"
EndProject
Project("{FAE04EC0-301F-11D3-BF4B-00C04F79EFBC}") = "CapaControlador_Alumnos", "CapaControlador\CapaControlador_Alumnos.csproj", "{C7715E5D-A7F2-4A9A-A928-20DB06042199}"
EndProject
Global
	GlobalSection(SolutionConfigurationPlatforms) = preSolution
		Debug|Any CPU = Debug|Any CPU
		Release|Any CPU = Release|Any CPU
	EndGlobalSection
	GlobalSection(ProjectConfigurationPlatforms) = postSolution
		{567FC33D-5B21-4F58-8A9B-A166D916118A}.Debug|Any CPU.ActiveCfg = Debug|Any CPU
		{567FC33D-5B21-4F58-8A9B-A166D916118A}.Debug|Any CPU.Build.0 = Debug|Any CPU
		{567FC33D-5B21-4F58-8A9B-A166D916118A}.Release|Any CPU.ActiveCfg = Release|Any CPU
		{567FC33D-5B21-4F58-8A9B-A166D916118A}.Release|Any CPU.Build.0 = Release|Any CPU
		{A5148A0A-3E21-4AC7-A7E7-AE2F7FFBA8CB}.Debug|Any CPU.ActiveCfg = Debug|Any CPU
		{A5148A0A-3E21-4AC7-A7E7-AE2F7FFBA8CB}.Debug|Any CPU.Build.0 = Debug|Any CPU
		{A5148A0A-3E21-4AC7-A7E7-AE2F7FFBA8CB}.Release|Any CPU.ActiveCfg = Release|Any CPU
		{A5148A0A-3E21-4AC7-A7E7-AE2F7FFBA8CB}.Release|Any CPU.Build.0 = Release|Any CPU
		{C7715E5D-A7F2-4A9A-A928-20DB06042199}.Debug|Any CPU.ActiveCfg = Debug|Any CPU
		{C7715E5D-A7F2-4A9A-A928-20DB06042199}.Debug|Any CPU.Build.0 = Debug|Any CPU
		{C7715E5D-A7F2-4A9A-A928-20DB06042199}.Release|Any CPU.ActiveCfg = Release|Any CPU
		{C7715E5D-A7F2-4A9A-A928-20DB06042199}.Release|Any CPU.Build.0 = Release|Any CPU
	EndGlobalSection
	GlobalSection(SolutionProperties) = preSolution
		HideSolutionNode = FALSE
	EndGlobalSection
	GlobalSection(ExtensibilityGlobals) = postSolution
		SolutionGuid = {3B7290DD-A189-4596-BE9A-94EA1829F94F}
	EndGlobalSection
EndGlobal
